
Microsoft Visual Studio Solution File, Format Version 12.00
# Visual Studio Version 17
VisualStudioVersion = 17.0.31903.59
MinimumVisualStudioVersion = 10.0.40219.1
Project("{2150E333-8FDC-42A3-9474-1A3956D46DE8}") = "src", "src", "{827E0CD3-B72D-47B6-A68D-7590B98EB39B}"
EndProject
Project("{FAE04EC0-301F-11D3-BF4B-00C04F79EFBC}") = "Scraper.Worker", "src\Scraper.Worker\Scraper.Worker.csproj", "{2DF13E95-CC8C-4FF8-9C34-D945A85CC95A}"
EndProject
Project("{FAE04EC0-301F-11D3-BF4B-00C04F79EFBC}") = "Scraper.Core", "src\Scraper.Core\Scraper.Core.csproj", "{D105D192-0714-4E2F-AAF8-2B965591E224}"
EndProject
Project("{FAE04EC0-301F-11D3-BF4B-00C04F79EFBC}") = "Scraper.Orchestrator", "src\Scraper.Orchestrator\Scraper.Orchestrator.csproj", "{3F438C85-2F57-4E9D-919E-3BED58B7C9BD}"
EndProject
Project("{FAE04EC0-301F-11D3-BF4B-00C04F79EFBC}") = "Scraper.Browser", "src\Scraper.Browser\Scraper.Browser.csproj", "{908507C4-5CD9-4651-BC0E-40C94793A07D}"
EndProject
Project("{FAE04EC0-301F-11D3-BF4B-00C04F79EFBC}") = "Scraper.Auth", "src\Scraper.Auth\Scraper.Auth.csproj", "{8BC836BB-C2F5-4F20-8761-DE944A6A35D6}"
EndProject
Project("{FAE04EC0-301F-11D3-BF4B-00C04F79EFBC}") = "Scraper.Extraction", "src\Scraper.Extraction\Scraper.Extraction.csproj", "{9EA6B4A5-786E-4654-BA90-65540E4E135B}"
EndProject
Project("{FAE04EC0-301F-11D3-BF4B-00C04F79EFBC}") = "Scraper.Infrastructure", "src\Scraper.Infrastructure\Scraper.Infrastructure.csproj", "{FC00232F-D593-4190-AA90-555B3ECF5E08}"
EndProject
Global
	GlobalSection(SolutionConfigurationPlatforms) = preSolution
		Debug|Any CPU = Debug|Any CPU
		Debug|x64 = Debug|x64
		Debug|x86 = Debug|x86
		Release|Any CPU = Release|Any CPU
		Release|x64 = Release|x64
		Release|x86 = Release|x86
	EndGlobalSection
	GlobalSection(ProjectConfigurationPlatforms) = postSolution
		{2DF13E95-CC8C-4FF8-9C34-D945A85CC95A}.Debug|Any CPU.ActiveCfg = Debug|Any CPU
		{2DF13E95-CC8C-4FF8-9C34-D945A85CC95A}.Debug|Any CPU.Build.0 = Debug|Any CPU
		{2DF13E95-CC8C-4FF8-9C34-D945A85CC95A}.Debug|x64.ActiveCfg = Debug|Any CPU
		{2DF13E95-CC8C-4FF8-9C34-D945A85CC95A}.Debug|x64.Build.0 = Debug|Any CPU
		{2DF13E95-CC8C-4FF8-9C34-D945A85CC95A}.Debug|x86.ActiveCfg = Debug|Any CPU
		{2DF13E95-CC8C-4FF8-9C34-D945A85CC95A}.Debug|x86.Build.0 = Debug|Any CPU
		{2DF13E95-CC8C-4FF8-9C34-D945A85CC95A}.Release|Any CPU.ActiveCfg = Release|Any CPU
		{2DF13E95-CC8C-4FF8-9C34-D945A85CC95A}.Release|Any CPU.Build.0 = Release|Any CPU
		{2DF13E95-CC8C-4FF8-9C34-D945A85CC95A}.Release|x64.ActiveCfg = Release|Any CPU
		{2DF13E95-CC8C-4FF8-9C34-D945A85CC95A}.Release|x64.Build.0 = Release|Any CPU
		{2DF13E95-CC8C-4FF8-9C34-D945A85CC95A}.Release|x86.ActiveCfg = Release|Any CPU
		{2DF13E95-CC8C-4FF8-9C34-D945A85CC95A}.Release|x86.Build.0 = Release|Any CPU
		{D105D192-0714-4E2F-AAF8-2B965591E224}.Debug|Any CPU.ActiveCfg = Debug|Any CPU
		{D105D192-0714-4E2F-AAF8-2B965591E224}.Debug|Any CPU.Build.0 = Debug|Any CPU
		{D105D192-0714-4E2F-AAF8-2B965591E224}.Debug|x64.ActiveCfg = Debug|Any CPU
		{D105D192-0714-4E2F-AAF8-2B965591E224}.Debug|x64.Build.0 = Debug|Any CPU
		{D105D192-0714-4E2F-AAF8-2B965591E224}.Debug|x86.ActiveCfg = Debug|Any CPU
		{D105D192-0714-4E2F-AAF8-2B965591E224}.Debug|x86.Build.0 = Debug|Any CPU
		{D105D192-0714-4E2F-AAF8-2B965591E224}.Release|Any CPU.ActiveCfg = Release|Any CPU
		{D105D192-0714-4E2F-AAF8-2B965591E224}.Release|Any CPU.Build.0 = Release|Any CPU
		{D105D192-0714-4E2F-AAF8-2B965591E224}.Release|x64.ActiveCfg = Release|Any CPU
		{D105D192-0714-4E2F-AAF8-2B965591E224}.Release|x64.Build.0 = Release|Any CPU
		{D105D192-0714-4E2F-AAF8-2B965591E224}.Release|x86.ActiveCfg = Release|Any CPU
		{D105D192-0714-4E2F-AAF8-2B965591E224}.Release|x86.Build.0 = Release|Any CPU
		{3F438C85-2F57-4E9D-919E-3BED58B7C9BD}.Debug|Any CPU.ActiveCfg = Debug|Any CPU
		{3F438C85-2F57-4E9D-919E-3BED58B7C9BD}.Debug|Any CPU.Build.0 = Debug|Any CPU
		{3F438C85-2F57-4E9D-919E-3BED58B7C9BD}.Debug|x64.ActiveCfg = Debug|Any CPU
		{3F438C85-2F57-4E9D-919E-3BED58B7C9BD}.Debug|x64.Build.0 = Debug|Any CPU
		{3F438C85-2F57-4E9D-919E-3BED58B7C9BD}.Debug|x86.ActiveCfg = Debug|Any CPU
		{3F438C85-2F57-4E9D-919E-3BED58B7C9BD}.Debug|x86.Build.0 = Debug|Any CPU
		{3F438C85-2F57-4E9D-919E-3BED58B7C9BD}.Release|Any CPU.ActiveCfg = Release|Any CPU
		{3F438C85-2F57-4E9D-919E-3BED58B7C9BD}.Release|Any CPU.Build.0 = Release|Any CPU
		{3F438C85-2F57-4E9D-919E-3BED58B7C9BD}.Release|x64.ActiveCfg = Release|Any CPU
		{3F438C85-2F57-4E9D-919E-3BED58B7C9BD}.Release|x64.Build.0 = Release|Any CPU
		{3F438C85-2F57-4E9D-919E-3BED58B7C9BD}.Release|x86.ActiveCfg = Release|Any CPU
		{3F438C85-2F57-4E9D-919E-3BED58B7C9BD}.Release|x86.Build.0 = Release|Any CPU
		{908507C4-5CD9-4651-BC0E-40C94793A07D}.Debug|Any CPU.ActiveCfg = Debug|Any CPU
		{908507C4-5CD9-4651-BC0E-40C94793A07D}.Debug|Any CPU.Build.0 = Debug|Any CPU
		{908507C4-5CD9-4651-BC0E-40C94793A07D}.Debug|x64.ActiveCfg = Debug|Any CPU
		{908507C4-5CD9-4651-BC0E-40C94793A07D}.Debug|x64.Build.0 = Debug|Any CPU
		{908507C4-5CD9-4651-BC0E-40C94793A07D}.Debug|x86.ActiveCfg = Debug|Any CPU
		{908507C4-5CD9-4651-BC0E-40C94793A07D}.Debug|x86.Build.0 = Debug|Any CPU
		{908507C4-5CD9-4651-BC0E-40C94793A07D}.Release|Any CPU.ActiveCfg = Release|Any CPU
		{908507C4-5CD9-4651-BC0E-40C94793A07D}.Release|Any CPU.Build.0 = Release|Any CPU
		{908507C4-5CD9-4651-BC0E-40C94793A07D}.Release|x64.ActiveCfg = Release|Any CPU
		{908507C4-5CD9-4651-BC0E-40C94793A07D}.Release|x64.Build.0 = Release|Any CPU
		{908507C4-5CD9-4651-BC0E-40C94793A07D}.Release|x86.ActiveCfg = Release|Any CPU
		{908507C4-5CD9-4651-BC0E-40C94793A07D}.Release|x86.Build.0 = Release|Any CPU
		{8BC836BB-C2F5-4F20-8761-DE944A6A35D6}.Debug|Any CPU.ActiveCfg = Debug|Any CPU
		{8BC836BB-C2F5-4F20-8761-DE944A6A35D6}.Debug|Any CPU.Build.0 = Debug|Any CPU
		{8BC836BB-C2F5-4F20-8761-DE944A6A35D6}.Debug|x64.ActiveCfg = Debug|Any CPU
		{8BC836BB-C2F5-4F20-8761-DE944A6A35D6}.Debug|x64.Build.0 = Debug|Any CPU
		{8BC836BB-C2F5-4F20-8761-DE944A6A35D6}.Debug|x86.ActiveCfg = Debug|Any CPU
		{8BC836BB-C2F5-4F20-8761-DE944A6A35D6}.Debug|x86.Build.0 = Debug|Any CPU
		{8BC836BB-C2F5-4F20-8761-DE944A6A35D6}.Release|Any CPU.ActiveCfg = Release|Any CPU
		{8BC836BB-C2F5-4F20-8761-DE944A6A35D6}.Release|Any CPU.Build.0 = Release|Any CPU
		{8BC836BB-C2F5-4F20-8761-DE944A6A35D6}.Release|x64.ActiveCfg = Release|Any CPU
		{8BC836BB-C2F5-4F20-8761-DE944A6A35D6}.Release|x64.Build.0 = Release|Any CPU
		{8BC836BB-C2F5-4F20-8761-DE944A6A35D6}.Release|x86.ActiveCfg = Release|Any CPU
		{8BC836BB-C2F5-4F20-8761-DE944A6A35D6}.Release|x86.Build.0 = Release|Any CPU
		{9EA6B4A5-786E-4654-BA90-65540E4E135B}.Debug|Any CPU.ActiveCfg = Debug|Any CPU
		{9EA6B4A5-786E-4654-BA90-65540E4E135B}.Debug|Any CPU.Build.0 = Debug|Any CPU
		{9EA6B4A5-786E-4654-BA90-65540E4E135B}.Debug|x64.ActiveCfg = Debug|Any CPU
		{9EA6B4A5-786E-4654-BA90-65540E4E135B}.Debug|x64.Build.0 = Debug|Any CPU
		{9EA6B4A5-786E-4654-BA90-65540E4E135B}.Debug|x86.ActiveCfg = Debug|Any CPU
		{9EA6B4A5-786E-4654-BA90-65540E4E135B}.Debug|x86.Build.0 = Debug|Any CPU
		{9EA6B4A5-786E-4654-BA90-65540E4E135B}.Release|Any CPU.ActiveCfg = Release|Any CPU
		{9EA6B4A5-786E-4654-BA90-65540E4E135B}.Release|Any CPU.Build.0 = Release|Any CPU
		{9EA6B4A5-786E-4654-BA90-65540E4E135B}.Release|x64.ActiveCfg = Release|Any CPU
		{9EA6B4A5-786E-4654-BA90-65540E4E135B}.Release|x64.Build.0 = Release|Any CPU
		{9EA6B4A5-786E-4654-BA90-65540E4E135B}.Release|x86.ActiveCfg = Release|Any CPU
		{9EA6B4A5-786E-4654-BA90-65540E4E135B}.Release|x86.Build.0 = Release|Any CPU
		{FC00232F-D593-4190-AA90-555B3ECF5E08}.Debug|Any CPU.ActiveCfg = Debug|Any CPU
		{FC00232F-D593-4190-AA90-555B3ECF5E08}.Debug|Any CPU.Build.0 = Debug|Any CPU
		{FC00232F-D593-4190-AA90-555B3ECF5E08}.Debug|x64.ActiveCfg = Debug|Any CPU
		{FC00232F-D593-4190-AA90-555B3ECF5E08}.Debug|x64.Build.0 = Debug|Any CPU
		{FC00232F-D593-4190-AA90-555B3ECF5E08}.Debug|x86.ActiveCfg = Debug|Any CPU
		{FC00232F-D593-4190-AA90-555B3ECF5E08}.Debug|x86.Build.0 = Debug|Any CPU
		{FC00232F-D593-4190-AA90-555B3ECF5E08}.Release|Any CPU.ActiveCfg = Release|Any CPU
		{FC00232F-D593-4190-AA90-555B3ECF5E08}.Release|Any CPU.Build.0 = Release|Any CPU
		{FC00232F-D593-4190-AA90-555B3ECF5E08}.Release|x64.ActiveCfg = Release|Any CPU
		{FC00232F-D593-4190-AA90-555B3ECF5E08}.Release|x64.Build.0 = Release|Any CPU
		{FC00232F-D593-4190-AA90-555B3ECF5E08}.Release|x86.ActiveCfg = Release|Any CPU
		{FC00232F-D593-4190-AA90-555B3ECF5E08}.Release|x86.Build.0 = Release|Any CPU
	EndGlobalSection
	GlobalSection(SolutionProperties) = preSolution
		HideSolutionNode = FALSE
	EndGlobalSection
	GlobalSection(NestedProjects) = preSolution
		{2DF13E95-CC8C-4FF8-9C34-D945A85CC95A} = {827E0CD3-B72D-47B6-A68D-7590B98EB39B}
		{D105D192-0714-4E2F-AAF8-2B965591E224} = {827E0CD3-B72D-47B6-A68D-7590B98EB39B}
		{3F438C85-2F57-4E9D-919E-3BED58B7C9BD} = {827E0CD3-B72D-47B6-A68D-7590B98EB39B}
		{908507C4-5CD9-4651-BC0E-40C94793A07D} = {827E0CD3-B72D-47B6-A68D-7590B98EB39B}
		{8BC836BB-C2F5-4F20-8761-DE944A6A35D6} = {827E0CD3-B72D-47B6-A68D-7590B98EB39B}
		{9EA6B4A5-786E-4654-BA90-65540E4E135B} = {827E0CD3-B72D-47B6-A68D-7590B98EB39B}
		{FC00232F-D593-4190-AA90-555B3ECF5E08} = {827E0CD3-B72D-47B6-A68D-7590B98EB39B}
	EndGlobalSection
EndGlobal
